
Microsoft Visual Studio Solution File, Format Version 12.00
# Visual Studio 15
VisualStudioVersion = 15.0.27004.2009
MinimumVisualStudioVersion = 10.0.40219.1
Project("{FAE04EC0-301F-11D3-BF4B-00C04F79EFBC}") = "Wpf_Book_Samples_1", "Wpf_Book_Samples_1\Wpf_Book_Samples_1.csproj", "{888A1727-A7A9-4CAA-8E6D-5C7AD942F624}"
EndProject
Global
	GlobalSection(SolutionConfigurationPlatforms) = preSolution
		Debug|Any CPU = Debug|Any CPU
		Release|Any CPU = Release|Any CPU
	EndGlobalSection
	GlobalSection(ProjectConfigurationPlatforms) = postSolution
		{888A1727-A7A9-4CAA-8E6D-5C7AD942F624}.Debug|Any CPU.ActiveCfg = Debug|Any CPU
		{888A1727-A7A9-4CAA-8E6D-5C7AD942F624}.Debug|Any CPU.Build.0 = Debug|Any CPU
		{888A1727-A7A9-4CAA-8E6D-5C7AD942F624}.Release|Any CPU.ActiveCfg = Release|Any CPU
		{888A1727-A7A9-4CAA-8E6D-5C7AD942F624}.Release|Any CPU.Build.0 = Release|Any CPU
	EndGlobalSection
	GlobalSection(SolutionProperties) = preSolution
		HideSolutionNode = FALSE
	EndGlobalSection
	GlobalSection(ExtensibilityGlobals) = postSolution
		SolutionGuid = {0F31617F-CE43-4C37-A729-D79BDC654515}
	EndGlobalSection
EndGlobal
