
Microsoft Visual Studio Solution File, Format Version 12.00
# Visual Studio 2013
VisualStudioVersion = 12.0.40629.0
MinimumVisualStudioVersion = 10.0.40219.1
Project("{FAE04EC0-301F-11D3-BF4B-00C04F79EFBC}") = "WcfServiceDemo", "WcfServiceDemo\WcfServiceDemo.csproj", "{21D4065F-93DE-45B0-9736-90F0342821A8}"
EndProject
Project("{2150E333-8FDC-42A3-9474-1A3956D46DE8}") = "Test", "Test", "{D3CF2122-CA5A-4D0B-A43A-2F22E5B49F3F}"
EndProject
Project("{FAE04EC0-301F-11D3-BF4B-00C04F79EFBC}") = "AutoFacConsoleApp", "AutoFacConsoleApp\AutoFacConsoleApp.csproj", "{79D39062-F811-47B6-AF26-0CFA4B12EE0A}"
EndProject
Project("{FAE04EC0-301F-11D3-BF4B-00C04F79EFBC}") = "AopConsoleApp", "AopConsoleApp\AopConsoleApp.csproj", "{4C06AFC4-6B13-4A8A-8DA0-24DC079DC852}"
EndProject
Project("{2150E333-8FDC-42A3-9474-1A3956D46DE8}") = "WcfSeries", "WcfSeries", "{B01197E6-A670-47B0-A0C3-89D9E7F4ED57}"
EndProject
Project("{FAE04EC0-301F-11D3-BF4B-00C04F79EFBC}") = "WcfServiceMsmq", "WcfServiceMsmq\WcfServiceMsmq.csproj", "{C1524B0B-23F3-471B-ACA1-740D0BD226FB}"
EndProject
Project("{2150E333-8FDC-42A3-9474-1A3956D46DE8}") = "msmq", "msmq", "{31E7A155-CB06-43BF-9C83-A775DD922AA9}"
EndProject
Project("{FAE04EC0-301F-11D3-BF4B-00C04F79EFBC}") = "MsmqConsole", "MsmqConsole\MsmqConsole.csproj", "{2BC8ADC3-D52F-4104-AD7F-17DCC66C647E}"
EndProject
Global
	GlobalSection(SolutionConfigurationPlatforms) = preSolution
		Debug|Any CPU = Debug|Any CPU
		Release|Any CPU = Release|Any CPU
	EndGlobalSection
	GlobalSection(ProjectConfigurationPlatforms) = postSolution
		{21D4065F-93DE-45B0-9736-90F0342821A8}.Debug|Any CPU.ActiveCfg = Debug|Any CPU
		{21D4065F-93DE-45B0-9736-90F0342821A8}.Debug|Any CPU.Build.0 = Debug|Any CPU
		{21D4065F-93DE-45B0-9736-90F0342821A8}.Release|Any CPU.ActiveCfg = Release|Any CPU
		{21D4065F-93DE-45B0-9736-90F0342821A8}.Release|Any CPU.Build.0 = Release|Any CPU
		{79D39062-F811-47B6-AF26-0CFA4B12EE0A}.Debug|Any CPU.ActiveCfg = Debug|Any CPU
		{79D39062-F811-47B6-AF26-0CFA4B12EE0A}.Debug|Any CPU.Build.0 = Debug|Any CPU
		{79D39062-F811-47B6-AF26-0CFA4B12EE0A}.Release|Any CPU.ActiveCfg = Release|Any CPU
		{79D39062-F811-47B6-AF26-0CFA4B12EE0A}.Release|Any CPU.Build.0 = Release|Any CPU
		{4C06AFC4-6B13-4A8A-8DA0-24DC079DC852}.Debug|Any CPU.ActiveCfg = Debug|Any CPU
		{4C06AFC4-6B13-4A8A-8DA0-24DC079DC852}.Debug|Any CPU.Build.0 = Debug|Any CPU
		{4C06AFC4-6B13-4A8A-8DA0-24DC079DC852}.Release|Any CPU.ActiveCfg = Release|Any CPU
		{4C06AFC4-6B13-4A8A-8DA0-24DC079DC852}.Release|Any CPU.Build.0 = Release|Any CPU
		{C1524B0B-23F3-471B-ACA1-740D0BD226FB}.Debug|Any CPU.ActiveCfg = Debug|Any CPU
		{C1524B0B-23F3-471B-ACA1-740D0BD226FB}.Debug|Any CPU.Build.0 = Debug|Any CPU
		{C1524B0B-23F3-471B-ACA1-740D0BD226FB}.Release|Any CPU.ActiveCfg = Release|Any CPU
		{C1524B0B-23F3-471B-ACA1-740D0BD226FB}.Release|Any CPU.Build.0 = Release|Any CPU
		{2BC8ADC3-D52F-4104-AD7F-17DCC66C647E}.Debug|Any CPU.ActiveCfg = Debug|Any CPU
		{2BC8ADC3-D52F-4104-AD7F-17DCC66C647E}.Debug|Any CPU.Build.0 = Debug|Any CPU
		{2BC8ADC3-D52F-4104-AD7F-17DCC66C647E}.Release|Any CPU.ActiveCfg = Release|Any CPU
		{2BC8ADC3-D52F-4104-AD7F-17DCC66C647E}.Release|Any CPU.Build.0 = Release|Any CPU
	EndGlobalSection
	GlobalSection(SolutionProperties) = preSolution
		HideSolutionNode = FALSE
	EndGlobalSection
	GlobalSection(NestedProjects) = preSolution
		{79D39062-F811-47B6-AF26-0CFA4B12EE0A} = {D3CF2122-CA5A-4D0B-A43A-2F22E5B49F3F}
		{4C06AFC4-6B13-4A8A-8DA0-24DC079DC852} = {D3CF2122-CA5A-4D0B-A43A-2F22E5B49F3F}
		{C1524B0B-23F3-471B-ACA1-740D0BD226FB} = {31E7A155-CB06-43BF-9C83-A775DD922AA9}
		{31E7A155-CB06-43BF-9C83-A775DD922AA9} = {B01197E6-A670-47B0-A0C3-89D9E7F4ED57}
		{2BC8ADC3-D52F-4104-AD7F-17DCC66C647E} = {31E7A155-CB06-43BF-9C83-A775DD922AA9}
	EndGlobalSection
EndGlobal
