
Microsoft Visual Studio Solution File, Format Version 12.00
# Visual Studio 15
VisualStudioVersion = 15.0.27428.1
MinimumVisualStudioVersion = 10.0.40219.1
Project("{FAE04EC0-301F-11D3-BF4B-00C04F79EFBC}") = "TestConsoleApp", "TestConsoleApp\TestConsoleApp.csproj", "{489B6CB6-580B-4180-BD32-DC9C4E588BB5}"
EndProject
Global
	GlobalSection(SolutionConfigurationPlatforms) = preSolution
		Debug|Any CPU = Debug|Any CPU
		Release|Any CPU = Release|Any CPU
	EndGlobalSection
	GlobalSection(ProjectConfigurationPlatforms) = postSolution
		{489B6CB6-580B-4180-BD32-DC9C4E588BB5}.Debug|Any CPU.ActiveCfg = Debug|Any CPU
		{489B6CB6-580B-4180-BD32-DC9C4E588BB5}.Debug|Any CPU.Build.0 = Debug|Any CPU
		{489B6CB6-580B-4180-BD32-DC9C4E588BB5}.Release|Any CPU.ActiveCfg = Release|Any CPU
		{489B6CB6-580B-4180-BD32-DC9C4E588BB5}.Release|Any CPU.Build.0 = Release|Any CPU
	EndGlobalSection
	GlobalSection(SolutionProperties) = preSolution
		HideSolutionNode = FALSE
	EndGlobalSection
	GlobalSection(ExtensibilityGlobals) = postSolution
		SolutionGuid = {305513E4-E471-4DB5-89BA-A2D6F7D03C8D}
	EndGlobalSection
EndGlobal
