
Microsoft Visual Studio Solution File, Format Version 12.00
# Visual Studio 15
VisualStudioVersion = 15.0.27428.1
MinimumVisualStudioVersion = 10.0.40219.1
Project("{FAE04EC0-301F-11D3-BF4B-00C04F79EFBC}") = "MultiThread", "MultiThread\MultiThread.csproj", "{279EDAA8-7904-4335-BB95-DDB836B52D81}"
EndProject
Project("{FAE04EC0-301F-11D3-BF4B-00C04F79EFBC}") = "MultiThead_45", "MultiThead_45\MultiThead_45.csproj", "{3FFE6FAA-7625-48E6-88F2-54D2765D29D7}"
EndProject
Project("{FAE04EC0-301F-11D3-BF4B-00C04F79EFBC}") = "ThreadPoolTest", "ThreadPool\ThreadPoolTest.csproj", "{D6175F94-338D-4167-B5DA-84616DE24C1F}"
EndProject
Project("{FAE04EC0-301F-11D3-BF4B-00C04F79EFBC}") = "WpfApp_TaskScheduler", "WpfApp_TaskScheduler\WpfApp_TaskScheduler.csproj", "{26B1F03F-1F64-4490-A390-11F5261BE278}"
EndProject
Project("{FAE04EC0-301F-11D3-BF4B-00C04F79EFBC}") = "AsyncAwait", "AsyncAwait\AsyncAwait.csproj", "{20771FDB-E327-49D7-B0A6-7D93655AC736}"
EndProject
Project("{FAE04EC0-301F-11D3-BF4B-00C04F79EFBC}") = "ParralCollection", "ParralCollection\ParralCollection.csproj", "{146E52F5-82B4-4A9B-B94B-58A02599DD98}"
EndProject
Project("{FAE04EC0-301F-11D3-BF4B-00C04F79EFBC}") = "PLinq", "PLinq\PLinq.csproj", "{6F772C14-B694-4924-9EB5-1E73433C0CDD}"
EndProject
Global
	GlobalSection(SolutionConfigurationPlatforms) = preSolution
		Debug|Any CPU = Debug|Any CPU
		Release|Any CPU = Release|Any CPU
	EndGlobalSection
	GlobalSection(ProjectConfigurationPlatforms) = postSolution
		{279EDAA8-7904-4335-BB95-DDB836B52D81}.Debug|Any CPU.ActiveCfg = Debug|Any CPU
		{279EDAA8-7904-4335-BB95-DDB836B52D81}.Debug|Any CPU.Build.0 = Debug|Any CPU
		{279EDAA8-7904-4335-BB95-DDB836B52D81}.Release|Any CPU.ActiveCfg = Release|Any CPU
		{279EDAA8-7904-4335-BB95-DDB836B52D81}.Release|Any CPU.Build.0 = Release|Any CPU
		{3FFE6FAA-7625-48E6-88F2-54D2765D29D7}.Debug|Any CPU.ActiveCfg = Debug|Any CPU
		{3FFE6FAA-7625-48E6-88F2-54D2765D29D7}.Debug|Any CPU.Build.0 = Debug|Any CPU
		{3FFE6FAA-7625-48E6-88F2-54D2765D29D7}.Release|Any CPU.ActiveCfg = Release|Any CPU
		{3FFE6FAA-7625-48E6-88F2-54D2765D29D7}.Release|Any CPU.Build.0 = Release|Any CPU
		{D6175F94-338D-4167-B5DA-84616DE24C1F}.Debug|Any CPU.ActiveCfg = Debug|Any CPU
		{D6175F94-338D-4167-B5DA-84616DE24C1F}.Debug|Any CPU.Build.0 = Debug|Any CPU
		{D6175F94-338D-4167-B5DA-84616DE24C1F}.Release|Any CPU.ActiveCfg = Release|Any CPU
		{D6175F94-338D-4167-B5DA-84616DE24C1F}.Release|Any CPU.Build.0 = Release|Any CPU
		{26B1F03F-1F64-4490-A390-11F5261BE278}.Debug|Any CPU.ActiveCfg = Debug|Any CPU
		{26B1F03F-1F64-4490-A390-11F5261BE278}.Debug|Any CPU.Build.0 = Debug|Any CPU
		{26B1F03F-1F64-4490-A390-11F5261BE278}.Release|Any CPU.ActiveCfg = Release|Any CPU
		{26B1F03F-1F64-4490-A390-11F5261BE278}.Release|Any CPU.Build.0 = Release|Any CPU
		{20771FDB-E327-49D7-B0A6-7D93655AC736}.Debug|Any CPU.ActiveCfg = Debug|Any CPU
		{20771FDB-E327-49D7-B0A6-7D93655AC736}.Debug|Any CPU.Build.0 = Debug|Any CPU
		{20771FDB-E327-49D7-B0A6-7D93655AC736}.Release|Any CPU.ActiveCfg = Release|Any CPU
		{20771FDB-E327-49D7-B0A6-7D93655AC736}.Release|Any CPU.Build.0 = Release|Any CPU
		{146E52F5-82B4-4A9B-B94B-58A02599DD98}.Debug|Any CPU.ActiveCfg = Debug|Any CPU
		{146E52F5-82B4-4A9B-B94B-58A02599DD98}.Debug|Any CPU.Build.0 = Debug|Any CPU
		{146E52F5-82B4-4A9B-B94B-58A02599DD98}.Release|Any CPU.ActiveCfg = Release|Any CPU
		{146E52F5-82B4-4A9B-B94B-58A02599DD98}.Release|Any CPU.Build.0 = Release|Any CPU
		{6F772C14-B694-4924-9EB5-1E73433C0CDD}.Debug|Any CPU.ActiveCfg = Debug|Any CPU
		{6F772C14-B694-4924-9EB5-1E73433C0CDD}.Debug|Any CPU.Build.0 = Debug|Any CPU
		{6F772C14-B694-4924-9EB5-1E73433C0CDD}.Release|Any CPU.ActiveCfg = Release|Any CPU
		{6F772C14-B694-4924-9EB5-1E73433C0CDD}.Release|Any CPU.Build.0 = Release|Any CPU
	EndGlobalSection
	GlobalSection(SolutionProperties) = preSolution
		HideSolutionNode = FALSE
	EndGlobalSection
	GlobalSection(ExtensibilityGlobals) = postSolution
		SolutionGuid = {9AF35E51-0965-48DD-93B3-F75EACA12563}
	EndGlobalSection
EndGlobal
