
Microsoft Visual Studio Solution File, Format Version 12.00
# Visual Studio 15
VisualStudioVersion = 15.0.26403.7
MinimumVisualStudioVersion = 10.0.40219.1
Project("{FAE04EC0-301F-11D3-BF4B-00C04F79EFBC}") = "p2psever", "p2psever\p2psever.csproj", "{0893DB06-C0D3-45E1-B6CA-1F369146DD7D}"
EndProject
Project("{FAE04EC0-301F-11D3-BF4B-00C04F79EFBC}") = "MyInterface", "MyInterface\MyInterface.csproj", "{2C593696-045C-4C89-8420-3BAF3B92A001}"
EndProject
Project("{FAE04EC0-301F-11D3-BF4B-00C04F79EFBC}") = "ConsoleAppTestSever", "ConsoleAppTestSever\ConsoleAppTestSever.csproj", "{3ECD2C50-2873-4DB3-9802-193C59BC3F37}"
EndProject
Project("{FAE04EC0-301F-11D3-BF4B-00C04F79EFBC}") = "TCPclient", "TCPclient\TCPclient.csproj", "{7ABA7B0F-8DE2-4EB3-B8AA-A982B28BD20E}"
EndProject
Project("{FAE04EC0-301F-11D3-BF4B-00C04F79EFBC}") = "ConsoleAppClient", "ConsoleAppClient\ConsoleAppClient.csproj", "{EE783C55-1E23-4C77-9ED0-B040D20CF7AC}"
EndProject
Global
	GlobalSection(SolutionConfigurationPlatforms) = preSolution
		Debug|Any CPU = Debug|Any CPU
		Release|Any CPU = Release|Any CPU
	EndGlobalSection
	GlobalSection(ProjectConfigurationPlatforms) = postSolution
		{0893DB06-C0D3-45E1-B6CA-1F369146DD7D}.Debug|Any CPU.ActiveCfg = Debug|Any CPU
		{0893DB06-C0D3-45E1-B6CA-1F369146DD7D}.Debug|Any CPU.Build.0 = Debug|Any CPU
		{0893DB06-C0D3-45E1-B6CA-1F369146DD7D}.Release|Any CPU.ActiveCfg = Release|Any CPU
		{0893DB06-C0D3-45E1-B6CA-1F369146DD7D}.Release|Any CPU.Build.0 = Release|Any CPU
		{2C593696-045C-4C89-8420-3BAF3B92A001}.Debug|Any CPU.ActiveCfg = Debug|Any CPU
		{2C593696-045C-4C89-8420-3BAF3B92A001}.Debug|Any CPU.Build.0 = Debug|Any CPU
		{2C593696-045C-4C89-8420-3BAF3B92A001}.Release|Any CPU.ActiveCfg = Release|Any CPU
		{2C593696-045C-4C89-8420-3BAF3B92A001}.Release|Any CPU.Build.0 = Release|Any CPU
		{3ECD2C50-2873-4DB3-9802-193C59BC3F37}.Debug|Any CPU.ActiveCfg = Debug|Any CPU
		{3ECD2C50-2873-4DB3-9802-193C59BC3F37}.Debug|Any CPU.Build.0 = Debug|Any CPU
		{3ECD2C50-2873-4DB3-9802-193C59BC3F37}.Release|Any CPU.ActiveCfg = Release|Any CPU
		{3ECD2C50-2873-4DB3-9802-193C59BC3F37}.Release|Any CPU.Build.0 = Release|Any CPU
		{7ABA7B0F-8DE2-4EB3-B8AA-A982B28BD20E}.Debug|Any CPU.ActiveCfg = Debug|Any CPU
		{7ABA7B0F-8DE2-4EB3-B8AA-A982B28BD20E}.Debug|Any CPU.Build.0 = Debug|Any CPU
		{7ABA7B0F-8DE2-4EB3-B8AA-A982B28BD20E}.Release|Any CPU.ActiveCfg = Release|Any CPU
		{7ABA7B0F-8DE2-4EB3-B8AA-A982B28BD20E}.Release|Any CPU.Build.0 = Release|Any CPU
		{EE783C55-1E23-4C77-9ED0-B040D20CF7AC}.Debug|Any CPU.ActiveCfg = Debug|Any CPU
		{EE783C55-1E23-4C77-9ED0-B040D20CF7AC}.Debug|Any CPU.Build.0 = Debug|Any CPU
		{EE783C55-1E23-4C77-9ED0-B040D20CF7AC}.Release|Any CPU.ActiveCfg = Release|Any CPU
		{EE783C55-1E23-4C77-9ED0-B040D20CF7AC}.Release|Any CPU.Build.0 = Release|Any CPU
	EndGlobalSection
	GlobalSection(SolutionProperties) = preSolution
		HideSolutionNode = FALSE
	EndGlobalSection
EndGlobal
