
Microsoft Visual Studio Solution File, Format Version 12.00
# Visual Studio 2013
VisualStudioVersion = 12.0.40629.0
MinimumVisualStudioVersion = 10.0.40219.1
Project("{FAE04EC0-301F-11D3-BF4B-00C04F79EFBC}") = "WebApplicationOne", "WebApplicationOne\WebApplicationOne.csproj", "{6A5DE151-F492-43BA-82A3-6CC0A0733E38}"
EndProject
Project("{FAE04EC0-301F-11D3-BF4B-00C04F79EFBC}") = "WebApplicationOne.Tests", "WebApplicationOne.Tests\WebApplicationOne.Tests.csproj", "{BAFB7084-2594-40A4-B962-EB9DE8AE9C38}"
EndProject
Global
	GlobalSection(SolutionConfigurationPlatforms) = preSolution
		Debug|Any CPU = Debug|Any CPU
		Release|Any CPU = Release|Any CPU
	EndGlobalSection
	GlobalSection(ProjectConfigurationPlatforms) = postSolution
		{6A5DE151-F492-43BA-82A3-6CC0A0733E38}.Debug|Any CPU.ActiveCfg = Debug|Any CPU
		{6A5DE151-F492-43BA-82A3-6CC0A0733E38}.Debug|Any CPU.Build.0 = Debug|Any CPU
		{6A5DE151-F492-43BA-82A3-6CC0A0733E38}.Release|Any CPU.ActiveCfg = Release|Any CPU
		{6A5DE151-F492-43BA-82A3-6CC0A0733E38}.Release|Any CPU.Build.0 = Release|Any CPU
		{BAFB7084-2594-40A4-B962-EB9DE8AE9C38}.Debug|Any CPU.ActiveCfg = Debug|Any CPU
		{BAFB7084-2594-40A4-B962-EB9DE8AE9C38}.Debug|Any CPU.Build.0 = Debug|Any CPU
		{BAFB7084-2594-40A4-B962-EB9DE8AE9C38}.Release|Any CPU.ActiveCfg = Release|Any CPU
		{BAFB7084-2594-40A4-B962-EB9DE8AE9C38}.Release|Any CPU.Build.0 = Release|Any CPU
	EndGlobalSection
	GlobalSection(SolutionProperties) = preSolution
		HideSolutionNode = FALSE
	EndGlobalSection
EndGlobal
